
Microsoft Visual Studio Solution File, Format Version 12.00
# Visual Studio Version 17
VisualStudioVersion = 17.7.34221.43
MinimumVisualStudioVersion = 10.0.40219.1
Project("{FAE04EC0-301F-11D3-BF4B-00C04F79EFBC}") = "SImpleWebsite", "SImpleWebsite\SImpleWebsite.csproj", "{290F4523-273F-4792-9CA6-749941A0548C}"
EndProject
Global
	GlobalSection(SolutionConfigurationPlatforms) = preSolution
		Debug|Any CPU = Debug|Any CPU
		Release|Any CPU = Release|Any CPU
	EndGlobalSection
	GlobalSection(ProjectConfigurationPlatforms) = postSolution
		{290F4523-273F-4792-9CA6-749941A0548C}.Debug|Any CPU.ActiveCfg = Debug|Any CPU
		{290F4523-273F-4792-9CA6-749941A0548C}.Debug|Any CPU.Build.0 = Debug|Any CPU
		{290F4523-273F-4792-9CA6-749941A0548C}.Release|Any CPU.ActiveCfg = Release|Any CPU
		{290F4523-273F-4792-9CA6-749941A0548C}.Release|Any CPU.Build.0 = Release|Any CPU
	EndGlobalSection
	GlobalSection(SolutionProperties) = preSolution
		HideSolutionNode = FALSE
	EndGlobalSection
	GlobalSection(ExtensibilityGlobals) = postSolution
		SolutionGuid = {E4D37E18-3EBA-441E-8438-17130D6BEF98}
	EndGlobalSection
EndGlobal
